// !$*UTF8*$!
{
	archiveVersion = 1;
	classes = {
	};
	objectVersion = 48;
	objects = {

/* Begin PBXBuildFile section */
		C82D97D9E9EF87C647CFBA24 /* Pods_WeatherTestApp.framework in Frameworks */ = {isa = PBXBuildFile; fileRef = D5E5D4964A32419B76DADCFF /* Pods_WeatherTestApp.framework */; };
		F3E56E47200E103400C0C687 /* AppDelegate.swift in Sources */ = {isa = PBXBuildFile; fileRef = F3E56E46200E103400C0C687 /* AppDelegate.swift */; };
		F3E56E49200E103400C0C687 /* MainViewController.swift in Sources */ = {isa = PBXBuildFile; fileRef = F3E56E48200E103400C0C687 /* MainViewController.swift */; };
		F3E56E4C200E103400C0C687 /* Main.storyboard in Resources */ = {isa = PBXBuildFile; fileRef = F3E56E4A200E103400C0C687 /* Main.storyboard */; };
		F3E56E4E200E103400C0C687 /* Assets.xcassets in Resources */ = {isa = PBXBuildFile; fileRef = F3E56E4D200E103400C0C687 /* Assets.xcassets */; };
		F3E56E51200E103400C0C687 /* LaunchScreen.storyboard in Resources */ = {isa = PBXBuildFile; fileRef = F3E56E4F200E103400C0C687 /* LaunchScreen.storyboard */; };
		F3E56E5A200E144B00C0C687 /* APIManager.swift in Sources */ = {isa = PBXBuildFile; fileRef = F3E56E59200E144B00C0C687 /* APIManager.swift */; };
		F3E56E5D200E339A00C0C687 /* WeatherResponse.swift in Sources */ = {isa = PBXBuildFile; fileRef = F3E56E5C200E339A00C0C687 /* WeatherResponse.swift */; };
		F3E56E5F200E5DBD00C0C687 /* ForecastResponse.swift in Sources */ = {isa = PBXBuildFile; fileRef = F3E56E5E200E5DBD00C0C687 /* ForecastResponse.swift */; };
		F3E56E63200E735A00C0C687 /* MainHeaderView.swift in Sources */ = {isa = PBXBuildFile; fileRef = F3E56E62200E735A00C0C687 /* MainHeaderView.swift */; };
		F3E56E65200E785E00C0C687 /* MainHeaderView.xib in Resources */ = {isa = PBXBuildFile; fileRef = F3E56E64200E785E00C0C687 /* MainHeaderView.xib */; };
		F3E56E68200F54C400C0C687 /* Extensions.swift in Sources */ = {isa = PBXBuildFile; fileRef = F3E56E67200F54C400C0C687 /* Extensions.swift */; };
		F3E56E6B200F5F1900C0C687 /* ForecastCell.swift in Sources */ = {isa = PBXBuildFile; fileRef = F3E56E6A200F5F1900C0C687 /* ForecastCell.swift */; };
/* End PBXBuildFile section */

/* Begin PBXFileReference section */
		8A7CB26DA41E9044BB78B842 /* Pods-WeatherTestApp.debug.xcconfig */ = {isa = PBXFileReference; includeInIndex = 1; lastKnownFileType = text.xcconfig; name = "Pods-WeatherTestApp.debug.xcconfig"; path = "Pods/Target Support Files/Pods-WeatherTestApp/Pods-WeatherTestApp.debug.xcconfig"; sourceTree = "<group>"; };
		D5E5D4964A32419B76DADCFF /* Pods_WeatherTestApp.framework */ = {isa = PBXFileReference; explicitFileType = wrapper.framework; includeInIndex = 0; path = Pods_WeatherTestApp.framework; sourceTree = BUILT_PRODUCTS_DIR; };
		F3E56E43200E103400C0C687 /* WeatherTestApp.app */ = {isa = PBXFileReference; explicitFileType = wrapper.application; includeInIndex = 0; path = WeatherTestApp.app; sourceTree = BUILT_PRODUCTS_DIR; };
		F3E56E46200E103400C0C687 /* AppDelegate.swift */ = {isa = PBXFileReference; lastKnownFileType = sourcecode.swift; path = AppDelegate.swift; sourceTree = "<group>"; };
		F3E56E48200E103400C0C687 /* MainViewController.swift */ = {isa = PBXFileReference; lastKnownFileType = sourcecode.swift; path = MainViewController.swift; sourceTree = "<group>"; };
		F3E56E4B200E103400C0C687 /* Base */ = {isa = PBXFileReference; lastKnownFileType = file.storyboard; name = Base; path = Base.lproj/Main.storyboard; sourceTree = "<group>"; };
		F3E56E4D200E103400C0C687 /* Assets.xcassets */ = {isa = PBXFileReference; lastKnownFileType = folder.assetcatalog; path = Assets.xcassets; sourceTree = "<group>"; };
		F3E56E50200E103400C0C687 /* Base */ = {isa = PBXFileReference; lastKnownFileType = file.storyboard; name = Base; path = Base.lproj/LaunchScreen.storyboard; sourceTree = "<group>"; };
		F3E56E52200E103400C0C687 /* Info.plist */ = {isa = PBXFileReference; lastKnownFileType = text.plist.xml; path = Info.plist; sourceTree = "<group>"; };
		F3E56E59200E144B00C0C687 /* APIManager.swift */ = {isa = PBXFileReference; lastKnownFileType = sourcecode.swift; path = APIManager.swift; sourceTree = "<group>"; };
		F3E56E5C200E339A00C0C687 /* WeatherResponse.swift */ = {isa = PBXFileReference; lastKnownFileType = sourcecode.swift; path = WeatherResponse.swift; sourceTree = "<group>"; };
		F3E56E5E200E5DBD00C0C687 /* ForecastResponse.swift */ = {isa = PBXFileReference; lastKnownFileType = sourcecode.swift; path = ForecastResponse.swift; sourceTree = "<group>"; };
		F3E56E62200E735A00C0C687 /* MainHeaderView.swift */ = {isa = PBXFileReference; lastKnownFileType = sourcecode.swift; path = MainHeaderView.swift; sourceTree = "<group>"; };
		F3E56E64200E785E00C0C687 /* MainHeaderView.xib */ = {isa = PBXFileReference; lastKnownFileType = file.xib; path = MainHeaderView.xib; sourceTree = "<group>"; };
		F3E56E67200F54C400C0C687 /* Extensions.swift */ = {isa = PBXFileReference; lastKnownFileType = sourcecode.swift; path = Extensions.swift; sourceTree = "<group>"; };
		F3E56E6A200F5F1900C0C687 /* ForecastCell.swift */ = {isa = PBXFileReference; lastKnownFileType = sourcecode.swift; path = ForecastCell.swift; sourceTree = "<group>"; };
		FA468CAB596BB0596240E4C2 /* Pods-WeatherTestApp.release.xcconfig */ = {isa = PBXFileReference; includeInIndex = 1; lastKnownFileType = text.xcconfig; name = "Pods-WeatherTestApp.release.xcconfig"; path = "Pods/Target Support Files/Pods-WeatherTestApp/Pods-WeatherTestApp.release.xcconfig"; sourceTree = "<group>"; };
/* End PBXFileReference section */

/* Begin PBXFrameworksBuildPhase section */
		F3E56E40200E103400C0C687 /* Frameworks */ = {
			isa = PBXFrameworksBuildPhase;
			buildActionMask = 2147483647;
			files = (
				C82D97D9E9EF87C647CFBA24 /* Pods_WeatherTestApp.framework in Frameworks */,
			);
			runOnlyForDeploymentPostprocessing = 0;
		};
/* End PBXFrameworksBuildPhase section */

/* Begin PBXGroup section */
		419BD1153E8A88E9ADD4851F /* Pods */ = {
			isa = PBXGroup;
			children = (
				8A7CB26DA41E9044BB78B842 /* Pods-WeatherTestApp.debug.xcconfig */,
				FA468CAB596BB0596240E4C2 /* Pods-WeatherTestApp.release.xcconfig */,
			);
			name = Pods;
			sourceTree = "<group>";
		};
		E1694C7C6530827E5F62A1CA /* Frameworks */ = {
			isa = PBXGroup;
			children = (
				D5E5D4964A32419B76DADCFF /* Pods_WeatherTestApp.framework */,
			);
			name = Frameworks;
			sourceTree = "<group>";
		};
		F3E56E3A200E103400C0C687 = {
			isa = PBXGroup;
			children = (
				F3E56E45200E103400C0C687 /* WeatherTestApp */,
				F3E56E44200E103400C0C687 /* Products */,
				419BD1153E8A88E9ADD4851F /* Pods */,
				E1694C7C6530827E5F62A1CA /* Frameworks */,
			);
			sourceTree = "<group>";
		};
		F3E56E44200E103400C0C687 /* Products */ = {
			isa = PBXGroup;
			children = (
				F3E56E43200E103400C0C687 /* WeatherTestApp.app */,
			);
			name = Products;
			sourceTree = "<group>";
		};
		F3E56E45200E103400C0C687 /* WeatherTestApp */ = {
			isa = PBXGroup;
			children = (
				F3E56E66200F54AC00C0C687 /* Extensions */,
				F3E56E69200F5EC200C0C687 /* Cells */,
				F3E56E61200E734800C0C687 /* Views */,
				F3E56E5B200E336400C0C687 /* Model */,
				F3E56E58200E142D00C0C687 /* Services */,
				F3E56E60200E6ADB00C0C687 /* ViewControllers */,
				F3E56E46200E103400C0C687 /* AppDelegate.swift */,
				F3E56E4A200E103400C0C687 /* Main.storyboard */,
				F3E56E4D200E103400C0C687 /* Assets.xcassets */,
				F3E56E4F200E103400C0C687 /* LaunchScreen.storyboard */,
				F3E56E52200E103400C0C687 /* Info.plist */,
			);
			path = WeatherTestApp;
			sourceTree = "<group>";
		};
		F3E56E58200E142D00C0C687 /* Services */ = {
			isa = PBXGroup;
			children = (
				F3E56E59200E144B00C0C687 /* APIManager.swift */,
			);
			path = Services;
			sourceTree = "<group>";
		};
		F3E56E5B200E336400C0C687 /* Model */ = {
			isa = PBXGroup;
			children = (
				F3E56E5C200E339A00C0C687 /* WeatherResponse.swift */,
				F3E56E5E200E5DBD00C0C687 /* ForecastResponse.swift */,
			);
			path = Model;
			sourceTree = "<group>";
		};
		F3E56E60200E6ADB00C0C687 /* ViewControllers */ = {
			isa = PBXGroup;
			children = (
				F3E56E48200E103400C0C687 /* MainViewController.swift */,
			);
			path = ViewControllers;
			sourceTree = "<group>";
		};
		F3E56E61200E734800C0C687 /* Views */ = {
			isa = PBXGroup;
			children = (
				F3E56E62200E735A00C0C687 /* MainHeaderView.swift */,
				F3E56E64200E785E00C0C687 /* MainHeaderView.xib */,
			);
			path = Views;
			sourceTree = "<group>";
		};
		F3E56E66200F54AC00C0C687 /* Extensions */ = {
			isa = PBXGroup;
			children = (
				F3E56E67200F54C400C0C687 /* Extensions.swift */,
			);
			path = Extensions;
			sourceTree = "<group>";
		};
		F3E56E69200F5EC200C0C687 /* Cells */ = {
			isa = PBXGroup;
			children = (
				F3E56E6A200F5F1900C0C687 /* ForecastCell.swift */,
			);
			path = Cells;
			sourceTree = "<group>";
		};
/* End PBXGroup section */

/* Begin PBXNativeTarget section */
		F3E56E42200E103400C0C687 /* WeatherTestApp */ = {
			isa = PBXNativeTarget;
			buildConfigurationList = F3E56E55200E103400C0C687 /* Build configuration list for PBXNativeTarget "WeatherTestApp" */;
			buildPhases = (
				3CE3BABA05FB8AFD38A8544A /* [CP] Check Pods Manifest.lock */,
				F3E56E3F200E103400C0C687 /* Sources */,
				F3E56E40200E103400C0C687 /* Frameworks */,
				F3E56E41200E103400C0C687 /* Resources */,
				265AD2BEB5968AF314577957 /* [CP] Embed Pods Frameworks */,
				338128EDB37B68E00E1685E2 /* [CP] Copy Pods Resources */,
			);
			buildRules = (
			);
			dependencies = (
			);
			name = WeatherTestApp;
			productName = WeatherTestApp;
			productReference = F3E56E43200E103400C0C687 /* WeatherTestApp.app */;
			productType = "com.apple.product-type.application";
		};
/* End PBXNativeTarget section */

/* Begin PBXProject section */
		F3E56E3B200E103400C0C687 /* Project object */ = {
			isa = PBXProject;
			attributes = {
				LastSwiftUpdateCheck = 0920;
				LastUpgradeCheck = 0920;
				ORGANIZATIONNAME = "Tomasz Idzi";
				TargetAttributes = {
					F3E56E42200E103400C0C687 = {
						CreatedOnToolsVersion = 9.2;
						ProvisioningStyle = Automatic;
					};
				};
			};
			buildConfigurationList = F3E56E3E200E103400C0C687 /* Build configuration list for PBXProject "WeatherTestApp" */;
			compatibilityVersion = "Xcode 8.0";
			developmentRegion = en;
			hasScannedForEncodings = 0;
			knownRegions = (
				en,
				Base,
			);
			mainGroup = F3E56E3A200E103400C0C687;
			productRefGroup = F3E56E44200E103400C0C687 /* Products */;
			projectDirPath = "";
			projectRoot = "";
			targets = (
				F3E56E42200E103400C0C687 /* WeatherTestApp */,
			);
		};
/* End PBXProject section */

/* Begin PBXResourcesBuildPhase section */
		F3E56E41200E103400C0C687 /* Resources */ = {
			isa = PBXResourcesBuildPhase;
			buildActionMask = 2147483647;
			files = (
				F3E56E65200E785E00C0C687 /* MainHeaderView.xib in Resources */,
				F3E56E51200E103400C0C687 /* LaunchScreen.storyboard in Resources */,
				F3E56E4E200E103400C0C687 /* Assets.xcassets in Resources */,
				F3E56E4C200E103400C0C687 /* Main.storyboard in Resources */,
			);
			runOnlyForDeploymentPostprocessing = 0;
		};
/* End PBXResourcesBuildPhase section */

/* Begin PBXShellScriptBuildPhase section */
		265AD2BEB5968AF314577957 /* [CP] Embed Pods Frameworks */ = {
			isa = PBXShellScriptBuildPhase;
			buildActionMask = 2147483647;
			files = (
			);
			inputPaths = (
				"${SRCROOT}/Pods/Target Support Files/Pods-WeatherTestApp/Pods-WeatherTestApp-frameworks.sh",
				"${BUILT_PRODUCTS_DIR}/Alamofire/Alamofire.framework",
				"${BUILT_PRODUCTS_DIR}/AlamofireObjectMapper/AlamofireObjectMapper.framework",
				"${BUILT_PRODUCTS_DIR}/ObjectMapper/ObjectMapper.framework",
				"${BUILT_PRODUCTS_DIR}/SwiftyJSON/SwiftyJSON.framework",
			);
			name = "[CP] Embed Pods Frameworks";
			outputPaths = (
				"${TARGET_BUILD_DIR}/${FRAMEWORKS_FOLDER_PATH}/Alamofire.framework",
				"${TARGET_BUILD_DIR}/${FRAMEWORKS_FOLDER_PATH}/AlamofireObjectMapper.framework",
				"${TARGET_BUILD_DIR}/${FRAMEWORKS_FOLDER_PATH}/ObjectMapper.framework",
				"${TARGET_BUILD_DIR}/${FRAMEWORKS_FOLDER_PATH}/SwiftyJSON.framework",
			);
			runOnlyForDeploymentPostprocessing = 0;
			shellPath = /bin/sh;
			shellScript = "\"${SRCROOT}/Pods/Target Support Files/Pods-WeatherTestApp/Pods-WeatherTestApp-frameworks.sh\"\n";
			showEnvVarsInLog = 0;
		};
		338128EDB37B68E00E1685E2 /* [CP] Copy Pods Resources */ = {
			isa = PBXShellScriptBuildPhase;
			buildActionMask = 2147483647;
			files = (
			);
			inputPaths = (
			);
			name = "[CP] Copy Pods Resources";
			outputPaths = (
			);
			runOnlyForDeploymentPostprocessing = 0;
			shellPath = /bin/sh;
			shellScript = "\"${SRCROOT}/Pods/Target Support Files/Pods-WeatherTestApp/Pods-WeatherTestApp-resources.sh\"\n";
			showEnvVarsInLog = 0;
		};
		3CE3BABA05FB8AFD38A8544A /* [CP] Check Pods Manifest.lock */ = {
			isa = PBXShellScriptBuildPhase;
			buildActionMask = 2147483647;
			files = (
			);
			inputPaths = (
				"${PODS_PODFILE_DIR_PATH}/Podfile.lock",
				"${PODS_ROOT}/Manifest.lock",
			);
			name = "[CP] Check Pods Manifest.lock";
			outputPaths = (
				"$(DERIVED_FILE_DIR)/Pods-WeatherTestApp-checkManifestLockResult.txt",
			);
			runOnlyForDeploymentPostprocessing = 0;
			shellPath = /bin/sh;
			shellScript = "diff \"${PODS_PODFILE_DIR_PATH}/Podfile.lock\" \"${PODS_ROOT}/Manifest.lock\" > /dev/null\nif [ $? != 0 ] ; then\n    # print error to STDERR\n    echo \"error: The sandbox is not in sync with the Podfile.lock. Run 'pod install' or update your CocoaPods installation.\" >&2\n    exit 1\nfi\n# This output is used by Xcode 'outputs' to avoid re-running this script phase.\necho \"SUCCESS\" > \"${SCRIPT_OUTPUT_FILE_0}\"\n";
			showEnvVarsInLog = 0;
		};
/* End PBXShellScriptBuildPhase section */

/* Begin PBXSourcesBuildPhase section */
		F3E56E3F200E103400C0C687 /* Sources */ = {
			isa = PBXSourcesBuildPhase;
			buildActionMask = 2147483647;
			files = (
				F3E56E5A200E144B00C0C687 /* APIManager.swift in Sources */,
				F3E56E5F200E5DBD00C0C687 /* ForecastResponse.swift in Sources */,
				F3E56E49200E103400C0C687 /* MainViewController.swift in Sources */,
				F3E56E47200E103400C0C687 /* AppDelegate.swift in Sources */,
				F3E56E6B200F5F1900C0C687 /* ForecastCell.swift in Sources */,
				F3E56E63200E735A00C0C687 /* MainHeaderView.swift in Sources */,
				F3E56E5D200E339A00C0C687 /* WeatherResponse.swift in Sources */,
				F3E56E68200F54C400C0C687 /* Extensions.swift in Sources */,
			);
			runOnlyForDeploymentPostprocessing = 0;
		};
/* End PBXSourcesBuildPhase section */

/* Begin PBXVariantGroup section */
		F3E56E4A200E103400C0C687 /* Main.storyboard */ = {
			isa = PBXVariantGroup;
			children = (
				F3E56E4B200E103400C0C687 /* Base */,
			);
			name = Main.storyboard;
			sourceTree = "<group>";
		};
		F3E56E4F200E103400C0C687 /* LaunchScreen.storyboard */ = {
			isa = PBXVariantGroup;
			children = (
				F3E56E50200E103400C0C687 /* Base */,
			);
			name = LaunchScreen.storyboard;
			sourceTree = "<group>";
		};
/* End PBXVariantGroup section */

/* Begin XCBuildConfiguration section */
		F3E56E53200E103400C0C687 /* Debug */ = {
			isa = XCBuildConfiguration;
			buildSettings = {
				ALWAYS_SEARCH_USER_PATHS = NO;
				CLANG_ANALYZER_NONNULL = YES;
				CLANG_ANALYZER_NUMBER_OBJECT_CONVERSION = YES_AGGRESSIVE;
				CLANG_CXX_LANGUAGE_STANDARD = "gnu++14";
				CLANG_CXX_LIBRARY = "libc++";
				CLANG_ENABLE_MODULES = YES;
				CLANG_ENABLE_OBJC_ARC = YES;
				CLANG_WARN_BLOCK_CAPTURE_AUTORELEASING = YES;
				CLANG_WARN_BOOL_CONVERSION = YES;
				CLANG_WARN_COMMA = YES;
				CLANG_WARN_CONSTANT_CONVERSION = YES;
				CLANG_WARN_DIRECT_OBJC_ISA_USAGE = YES_ERROR;
				CLANG_WARN_DOCUMENTATION_COMMENTS = YES;
				CLANG_WARN_EMPTY_BODY = YES;
				CLANG_WARN_ENUM_CONVERSION = YES;
				CLANG_WARN_INFINITE_RECURSION = YES;
				CLANG_WARN_INT_CONVERSION = YES;
				CLANG_WARN_NON_LITERAL_NULL_CONVERSION = YES;
				CLANG_WARN_OBJC_LITERAL_CONVERSION = YES;
				CLANG_WARN_OBJC_ROOT_CLASS = YES_ERROR;
				CLANG_WARN_RANGE_LOOP_ANALYSIS = YES;
				CLANG_WARN_STRICT_PROTOTYPES = YES;
				CLANG_WARN_SUSPICIOUS_MOVE = YES;
				CLANG_WARN_UNGUARDED_AVAILABILITY = YES_AGGRESSIVE;
				CLANG_WARN_UNREACHABLE_CODE = YES;
				CLANG_WARN__DUPLICATE_METHOD_MATCH = YES;
				CODE_SIGN_IDENTITY = "iPhone Developer";
				COPY_PHASE_STRIP = NO;
				DEBUG_INFORMATION_FORMAT = dwarf;
				ENABLE_STRICT_OBJC_MSGSEND = YES;
				ENABLE_TESTABILITY = YES;
				GCC_C_LANGUAGE_STANDARD = gnu11;
				GCC_DYNAMIC_NO_PIC = NO;
				GCC_NO_COMMON_BLOCKS = YES;
				GCC_OPTIMIZATION_LEVEL = 0;
				GCC_PREPROCESSOR_DEFINITIONS = (
					"DEBUG=1",
					"$(inherited)",
				);
				GCC_WARN_64_TO_32_BIT_CONVERSION = YES;
				GCC_WARN_ABOUT_RETURN_TYPE = YES_ERROR;
				GCC_WARN_UNDECLARED_SELECTOR = YES;
				GCC_WARN_UNINITIALIZED_AUTOS = YES_AGGRESSIVE;
				GCC_WARN_UNUSED_FUNCTION = YES;
				GCC_WARN_UNUSED_VARIABLE = YES;
				IPHONEOS_DEPLOYMENT_TARGET = 11.2;
				MTL_ENABLE_DEBUG_INFO = YES;
				ONLY_ACTIVE_ARCH = YES;
				SDKROOT = iphoneos;
				SWIFT_ACTIVE_COMPILATION_CONDITIONS = DEBUG;
				SWIFT_OPTIMIZATION_LEVEL = "-Onone";
			};
			name = Debug;
		};
		F3E56E54200E103400C0C687 /* Release */ = {
			isa = XCBuildConfiguration;
			buildSettings = {
				ALWAYS_SEARCH_USER_PATHS = NO;
				CLANG_ANALYZER_NONNULL = YES;
				CLANG_ANALYZER_NUMBER_OBJECT_CONVERSION = YES_AGGRESSIVE;
				CLANG_CXX_LANGUAGE_STANDARD = "gnu++14";
				CLANG_CXX_LIBRARY = "libc++";
				CLANG_ENABLE_MODULES = YES;
				CLANG_ENABLE_OBJC_ARC = YES;
				CLANG_WARN_BLOCK_CAPTURE_AUTORELEASING = YES;
				CLANG_WARN_BOOL_CONVERSION = YES;
				CLANG_WARN_COMMA = YES;
				CLANG_WARN_CONSTANT_CONVERSION = YES;
				CLANG_WARN_DIRECT_OBJC_ISA_USAGE = YES_ERROR;
				CLANG_WARN_DOCUMENTATION_COMMENTS = YES;
				CLANG_WARN_EMPTY_BODY = YES;
				CLANG_WARN_ENUM_CONVERSION = YES;
				CLANG_WARN_INFINITE_RECURSION = YES;
				CLANG_WARN_INT_CONVERSION = YES;
				CLANG_WARN_NON_LITERAL_NULL_CONVERSION = YES;
				CLANG_WARN_OBJC_LITERAL_CONVERSION = YES;
				CLANG_WARN_OBJC_ROOT_CLASS = YES_ERROR;
				CLANG_WARN_RANGE_LOOP_ANALYSIS = YES;
				CLANG_WARN_STRICT_PROTOTYPES = YES;
				CLANG_WARN_SUSPICIOUS_MOVE = YES;
				CLANG_WARN_UNGUARDED_AVAILABILITY = YES_AGGRESSIVE;
				CLANG_WARN_UNREACHABLE_CODE = YES;
				CLANG_WARN__DUPLICATE_METHOD_MATCH = YES;
				CODE_SIGN_IDENTITY = "iPhone Developer";
				COPY_PHASE_STRIP = NO;
				DEBUG_INFORMATION_FORMAT = "dwarf-with-dsym";
				ENABLE_NS_ASSERTIONS = NO;
				ENABLE_STRICT_OBJC_MSGSEND = YES;
				GCC_C_LANGUAGE_STANDARD = gnu11;
				GCC_NO_COMMON_BLOCKS = YES;
				GCC_WARN_64_TO_32_BIT_CONVERSION = YES;
				GCC_WARN_ABOUT_RETURN_TYPE = YES_ERROR;
				GCC_WARN_UNDECLARED_SELECTOR = YES;
				GCC_WARN_UNINITIALIZED_AUTOS = YES_AGGRESSIVE;
				GCC_WARN_UNUSED_FUNCTION = YES;
				GCC_WARN_UNUSED_VARIABLE = YES;
				IPHONEOS_DEPLOYMENT_TARGET = 11.2;
				MTL_ENABLE_DEBUG_INFO = NO;
				SDKROOT = iphoneos;
				SWIFT_OPTIMIZATION_LEVEL = "-Owholemodule";
				VALIDATE_PRODUCT = YES;
			};
			name = Release;
		};
		F3E56E56200E103400C0C687 /* Debug */ = {
			isa = XCBuildConfiguration;
			baseConfigurationReference = 8A7CB26DA41E9044BB78B842 /* Pods-WeatherTestApp.debug.xcconfig */;
			buildSettings = {
				ASSETCATALOG_COMPILER_APPICON_NAME = AppIcon;
				CODE_SIGN_STYLE = Automatic;
				DEVELOPMENT_TEAM = HGYW5849U4;
				INFOPLIST_FILE = WeatherTestApp/Info.plist;
				LD_RUNPATH_SEARCH_PATHS = "$(inherited) @executable_path/Frameworks";
				PRODUCT_BUNDLE_IDENTIFIER = CodeMeApp.WeatherTestApp;
				PRODUCT_NAME = "$(TARGET_NAME)";
				SWIFT_VERSION = 4.0;
				TARGETED_DEVICE_FAMILY = "1,2";
			};
			name = Debug;
		};
		F3E56E57200E103400C0C687 /* Release */ = {
			isa = XCBuildConfiguration;
			baseConfigurationReference = FA468CAB596BB0596240E4C2 /* Pods-WeatherTestApp.release.xcconfig */;
			buildSettings = {
				ASSETCATALOG_COMPILER_APPICON_NAME = AppIcon;
				CODE_SIGN_STYLE = Automatic;
				DEVELOPMENT_TEAM = HGYW5849U4;
				INFOPLIST_FILE = WeatherTestApp/Info.plist;
				LD_RUNPATH_SEARCH_PATHS = "$(inherited) @executable_path/Frameworks";
				PRODUCT_BUNDLE_IDENTIFIER = CodeMeApp.WeatherTestApp;
				PRODUCT_NAME = "$(TARGET_NAME)";
				SWIFT_VERSION = 4.0;
				TARGETED_DEVICE_FAMILY = "1,2";
			};
			name = Release;
		};
/* End XCBuildConfiguration section */

/* Begin XCConfigurationList section */
		F3E56E3E200E103400C0C687 /* Build configuration list for PBXProject "WeatherTestApp" */ = {
			isa = XCConfigurationList;
			buildConfigurations = (
				F3E56E53200E103400C0C687 /* Debug */,
				F3E56E54200E103400C0C687 /* Release */,
			);
			defaultConfigurationIsVisible = 0;
			defaultConfigurationName = Release;
		};
		F3E56E55200E103400C0C687 /* Build configuration list for PBXNativeTarget "WeatherTestApp" */ = {
			isa = XCConfigurationList;
			buildConfigurations = (
				F3E56E56200E103400C0C687 /* Debug */,
				F3E56E57200E103400C0C687 /* Release */,
			);
			defaultConfigurationIsVisible = 0;
			defaultConfigurationName = Release;
		};
/* End XCConfigurationList section */
	};
	rootObject = F3E56E3B200E103400C0C687 /* Project object */;
}
